// !$*UTF8*$!
{
 archiveVersion = 1;
 classes = {};
 objectVersion = 77;
 objects = {
  A10000000000000000000001 = {isa = PBXFileSystemSynchronizedRootGroup; explicitFileTypes = {}; explicitFolders = (); path = App; sourceTree = "<group>"; };
  A10000000000000000000002 = {isa = PBXFileSystemSynchronizedRootGroup; explicitFileTypes = {}; explicitFolders = (); path = Features; sourceTree = "<group>"; };
  A10000000000000000000003 = {isa = PBXFileSystemSynchronizedRootGroup; explicitFileTypes = {}; explicitFolders = (); exceptions = (A10000000000000000000009); path = Resources; sourceTree = "<group>"; };
  A10000000000000000000004 = {isa = PBXFileSystemSynchronizedRootGroup; explicitFileTypes = {}; explicitFolders = (); path = TestSupport; sourceTree = "<group>"; };
  A10000000000000000000005 = {isa = PBXGroup; children = (A10000000000000000000001, A10000000000000000000002, A10000000000000000000003, A10000000000000000000004); path = NetUnstick; sourceTree = "<group>"; };
  A10000000000000000000006 = {isa = PBXGroup; children = (A10000000000000000000005, A10000000000000000000030, A10000000000000000000040, A10000000000000000000007); sourceTree = "<group>"; };
  A10000000000000000000030 = {isa = PBXFileSystemSynchronizedRootGroup; explicitFileTypes = {}; explicitFolders = (); path = NetUnstickUITests; sourceTree = "<group>"; };
  A10000000000000000000040 = {isa = PBXFileSystemSynchronizedRootGroup; explicitFileTypes = {}; explicitFolders = (); path = NetUnstickTests/Presentation; sourceTree = "<group>"; };
  A10000000000000000000007 = {isa = PBXGroup; children = (A10000000000000000000008, A10000000000000000000031, A10000000000000000000041); name = Products; sourceTree = "<group>"; };
  A10000000000000000000008 = {isa = PBXFileReference; explicitFileType = wrapper.application; includeInIndex = 0; path = NetUnstick.app; sourceTree = BUILT_PRODUCTS_DIR; };
  A10000000000000000000031 = {isa = PBXFileReference; explicitFileType = wrapper.cfbundle; includeInIndex = 0; path = NetUnstickUITests.xctest; sourceTree = BUILT_PRODUCTS_DIR; };
  A10000000000000000000041 = {isa = PBXFileReference; explicitFileType = wrapper.cfbundle; includeInIndex = 0; path = NetUnstickPresentationTests.xctest; sourceTree = BUILT_PRODUCTS_DIR; };
  A10000000000000000000009 = {isa = PBXFileSystemSynchronizedBuildFileExceptionSet; membershipExceptions = (Info.plist); target = A10000000000000000000010; };
  A10000000000000000000010 = {isa = PBXNativeTarget; buildConfigurationList = A10000000000000000000011; buildPhases = (A10000000000000000000012, A10000000000000000000013, A10000000000000000000014); buildRules = (); dependencies = (); fileSystemSynchronizedGroups = (A10000000000000000000001, A10000000000000000000002, A10000000000000000000003, A10000000000000000000004); name = NetUnstick; packageProductDependencies = (A10000000000000000000020, A10000000000000000000021, A10000000000000000000022); productName = NetUnstick; productReference = A10000000000000000000008; productType = "com.apple.product-type.application"; };
  A10000000000000000000032 = {isa = PBXNativeTarget; buildConfigurationList = A10000000000000000000033; buildPhases = (A10000000000000000000034, A10000000000000000000035); buildRules = (); dependencies = (A10000000000000000000038); fileSystemSynchronizedGroups = (A10000000000000000000030); name = NetUnstickUITests; productName = NetUnstickUITests; productReference = A10000000000000000000031; productType = "com.apple.product-type.bundle.ui-testing"; };
  A10000000000000000000033 = {isa = XCConfigurationList; buildConfigurations = (A10000000000000000000036, A10000000000000000000037); defaultConfigurationIsVisible = 0; defaultConfigurationName = Release; };
  A10000000000000000000034 = {isa = PBXSourcesBuildPhase; buildActionMask = 2147483647; files = (); runOnlyForDeploymentPostprocessing = 0; };
  A10000000000000000000035 = {isa = PBXFrameworksBuildPhase; buildActionMask = 2147483647; files = (); runOnlyForDeploymentPostprocessing = 0; };
  A10000000000000000000036 = {isa = XCBuildConfiguration; buildSettings = { CODE_SIGN_STYLE = Automatic; GENERATE_INFOPLIST_FILE = YES; MACOSX_DEPLOYMENT_TARGET = 14.0; PRODUCT_BUNDLE_IDENTIFIER = org.netunstick.NetUnstickUITests; PRODUCT_NAME = "$(TARGET_NAME)"; SWIFT_VERSION = 5.0; TEST_TARGET_NAME = NetUnstick; }; name = Debug; };
  A10000000000000000000037 = {isa = XCBuildConfiguration; buildSettings = { CODE_SIGN_STYLE = Automatic; GENERATE_INFOPLIST_FILE = YES; MACOSX_DEPLOYMENT_TARGET = 14.0; PRODUCT_BUNDLE_IDENTIFIER = org.netunstick.NetUnstickUITests; PRODUCT_NAME = "$(TARGET_NAME)"; SWIFT_VERSION = 5.0; TEST_TARGET_NAME = NetUnstick; }; name = Release; };
  A10000000000000000000038 = {isa = PBXTargetDependency; target = A10000000000000000000010; targetProxy = A10000000000000000000039; };
  A10000000000000000000039 = {isa = PBXContainerItemProxy; containerPortal = A10000000000000000000015; proxyType = 1; remoteGlobalIDString = A10000000000000000000010; remoteInfo = NetUnstick; };
  A10000000000000000000042 = {isa = PBXNativeTarget; buildConfigurationList = A10000000000000000000043; buildPhases = (A10000000000000000000044, A10000000000000000000045); buildRules = (); dependencies = (A10000000000000000000048); fileSystemSynchronizedGroups = (A10000000000000000000040); packageProductDependencies = (A10000000000000000000020); name = NetUnstickPresentationTests; productName = NetUnstickPresentationTests; productReference = A10000000000000000000041; productType = "com.apple.product-type.bundle.unit-test"; };
  A10000000000000000000043 = {isa = XCConfigurationList; buildConfigurations = (A10000000000000000000046, A10000000000000000000047); defaultConfigurationIsVisible = 0; defaultConfigurationName = Release; };
  A10000000000000000000044 = {isa = PBXSourcesBuildPhase; buildActionMask = 2147483647; files = (); runOnlyForDeploymentPostprocessing = 0; };
  A10000000000000000000045 = {isa = PBXFrameworksBuildPhase; buildActionMask = 2147483647; files = (A10000000000000000000050); runOnlyForDeploymentPostprocessing = 0; };
  A10000000000000000000050 = {isa = PBXBuildFile; productRef = A10000000000000000000020; };
  A10000000000000000000046 = {isa = XCBuildConfiguration; buildSettings = { BUNDLE_LOADER = "$(TEST_HOST)"; CODE_SIGN_STYLE = Automatic; GENERATE_INFOPLIST_FILE = YES; MACOSX_DEPLOYMENT_TARGET = 14.0; ONLY_ACTIVE_ARCH = YES; PRODUCT_BUNDLE_IDENTIFIER = org.netunstick.NetUnstickPresentationTests; PRODUCT_NAME = "$(TARGET_NAME)"; SWIFT_VERSION = 5.0; TEST_HOST = "$(BUILT_PRODUCTS_DIR)/NetUnstick.app/Contents/MacOS/NetUnstick"; }; name = Debug; };
  A10000000000000000000047 = {isa = XCBuildConfiguration; buildSettings = { BUNDLE_LOADER = "$(TEST_HOST)"; CODE_SIGN_STYLE = Automatic; GENERATE_INFOPLIST_FILE = YES; MACOSX_DEPLOYMENT_TARGET = 14.0; ONLY_ACTIVE_ARCH = YES; PRODUCT_BUNDLE_IDENTIFIER = org.netunstick.NetUnstickPresentationTests; PRODUCT_NAME = "$(TARGET_NAME)"; SWIFT_VERSION = 5.0; TEST_HOST = "$(BUILT_PRODUCTS_DIR)/NetUnstick.app/Contents/MacOS/NetUnstick"; }; name = Release; };
  A10000000000000000000048 = {isa = PBXTargetDependency; target = A10000000000000000000010; targetProxy = A10000000000000000000049; };
  A10000000000000000000049 = {isa = PBXContainerItemProxy; containerPortal = A10000000000000000000015; proxyType = 1; remoteGlobalIDString = A10000000000000000000010; remoteInfo = NetUnstick; };
  A10000000000000000000012 = {isa = PBXSourcesBuildPhase; buildActionMask = 2147483647; files = (); runOnlyForDeploymentPostprocessing = 0; };
  A10000000000000000000013 = {isa = PBXResourcesBuildPhase; buildActionMask = 2147483647; files = (); runOnlyForDeploymentPostprocessing = 0; };
  A10000000000000000000014 = {isa = PBXFrameworksBuildPhase; buildActionMask = 2147483647; files = (A10000000000000000000023, A10000000000000000000024, A10000000000000000000025); runOnlyForDeploymentPostprocessing = 0; };
  A10000000000000000000015 = {isa = PBXProject; attributes = { BuildIndependentTargetsInParallel = 1; LastUpgradeCheck = 2700; TargetAttributes = { A10000000000000000000010 = { CreatedOnToolsVersion = 27.0; }; A10000000000000000000032 = { CreatedOnToolsVersion = 27.0; TestTargetID = A10000000000000000000010; }; A10000000000000000000042 = { CreatedOnToolsVersion = 27.0; TestTargetID = A10000000000000000000010; }; }; }; buildConfigurationList = A10000000000000000000016; compatibilityVersion = "Xcode 16.0"; developmentRegion = en; hasScannedForEncodings = 0; knownRegions = (en, pl, Base); mainGroup = A10000000000000000000006; packageReferences = (A10000000000000000000019); preferredProjectObjectVersion = 77; productRefGroup = A10000000000000000000007; projectDirPath = ""; projectRoot = ""; targets = (A10000000000000000000010, A10000000000000000000032, A10000000000000000000042); };
  A10000000000000000000016 = {isa = XCConfigurationList; buildConfigurations = (A10000000000000000000017, A10000000000000000000018); defaultConfigurationIsVisible = 0; defaultConfigurationName = Release; };
  A10000000000000000000011 = {isa = XCConfigurationList; buildConfigurations = (A10000000000000000000026, A10000000000000000000027); defaultConfigurationIsVisible = 0; defaultConfigurationName = Release; };
  A10000000000000000000017 = {isa = XCBuildConfiguration; buildSettings = { MACOSX_DEPLOYMENT_TARGET = 14.0; SDKROOT = macosx; SWIFT_VERSION = 5.0; }; name = Debug; };
  A10000000000000000000018 = {isa = XCBuildConfiguration; buildSettings = { MACOSX_DEPLOYMENT_TARGET = 14.0; SDKROOT = macosx; SWIFT_VERSION = 5.0; }; name = Release; };
  A10000000000000000000019 = {isa = XCLocalSwiftPackageReference; relativePath = Packages/NetUnstickKit; };
  A10000000000000000000020 = {isa = XCSwiftPackageProductDependency; package = A10000000000000000000019; productName = NetUnstickCore; };
  A10000000000000000000021 = {isa = XCSwiftPackageProductDependency; package = A10000000000000000000019; productName = NetUnstickNetwork; };
  A10000000000000000000022 = {isa = XCSwiftPackageProductDependency; package = A10000000000000000000019; productName = NetUnstickRepair; };
  A10000000000000000000023 = {isa = PBXBuildFile; productRef = A10000000000000000000020; };
  A10000000000000000000024 = {isa = PBXBuildFile; productRef = A10000000000000000000021; };
  A10000000000000000000025 = {isa = PBXBuildFile; productRef = A10000000000000000000022; };
  A10000000000000000000026 = {isa = XCBuildConfiguration; buildSettings = { ASSETCATALOG_COMPILER_APPICON_NAME = AppIcon; CODE_SIGN_STYLE = Automatic; CURRENT_PROJECT_VERSION = 1; ENABLE_TESTABILITY = YES; GENERATE_INFOPLIST_FILE = NO; INFOPLIST_FILE = NetUnstick/Resources/Info.plist; INFOPLIST_KEY_CFBundleDisplayName = NetUnstick; INFOPLIST_KEY_LSApplicationCategoryType = "public.app-category.utilities"; MACOSX_DEPLOYMENT_TARGET = 14.0; MARKETING_VERSION = 0.1.0; ONLY_ACTIVE_ARCH = YES; PRODUCT_BUNDLE_IDENTIFIER = org.netunstick.NetUnstick; PRODUCT_NAME = "$(TARGET_NAME)"; SWIFT_EMIT_LOC_STRINGS = YES; SWIFT_VERSION = 5.0; }; name = Debug; };
  A10000000000000000000027 = {isa = XCBuildConfiguration; buildSettings = { ASSETCATALOG_COMPILER_APPICON_NAME = AppIcon; CODE_SIGN_STYLE = Automatic; CURRENT_PROJECT_VERSION = 1; GENERATE_INFOPLIST_FILE = NO; INFOPLIST_FILE = NetUnstick/Resources/Info.plist; INFOPLIST_KEY_CFBundleDisplayName = NetUnstick; INFOPLIST_KEY_LSApplicationCategoryType = "public.app-category.utilities"; MACOSX_DEPLOYMENT_TARGET = 14.0; MARKETING_VERSION = 0.1.0; PRODUCT_BUNDLE_IDENTIFIER = org.netunstick.NetUnstick; PRODUCT_NAME = "$(TARGET_NAME)"; SWIFT_EMIT_LOC_STRINGS = YES; SWIFT_VERSION = 5.0; }; name = Release; };
 };
 rootObject = A10000000000000000000015;
}
